
Microsoft Visual Studio Solution File, Format Version 12.00
# Visual Studio Version 17
VisualStudioVersion = 17.14.37012.4 d17.14
MinimumVisualStudioVersion = 10.0.40219.1
Project("{FAE04EC0-301F-11D3-BF4B-00C04F79EFBC}") = "t2", "t2.csproj", "{B4843A48-DA6C-4F90-9836-280C595EA64A}"
EndProject
Global
	GlobalSection(SolutionConfigurationPlatforms) = preSolution
		Debug|Any CPU = Debug|Any CPU
		Release|Any CPU = Release|Any CPU
	EndGlobalSection
	GlobalSection(ProjectConfigurationPlatforms) = postSolution
		{B4843A48-DA6C-4F90-9836-280C595EA64A}.Debug|Any CPU.ActiveCfg = Debug|Any CPU
		{B4843A48-DA6C-4F90-9836-280C595EA64A}.Debug|Any CPU.Build.0 = Debug|Any CPU
		{B4843A48-DA6C-4F90-9836-280C595EA64A}.Release|Any CPU.ActiveCfg = Release|Any CPU
		{B4843A48-DA6C-4F90-9836-280C595EA64A}.Release|Any CPU.Build.0 = Release|Any CPU
	EndGlobalSection
	GlobalSection(SolutionProperties) = preSolution
		HideSolutionNode = FALSE
	EndGlobalSection
	GlobalSection(ExtensibilityGlobals) = postSolution
		SolutionGuid = {134F960F-8796-4F32-90A7-1400A6B537E0}
	EndGlobalSection
EndGlobal
